
Microsoft Visual Studio Solution File, Format Version 12.00
# Visual Studio 2013
VisualStudioVersion = 12.0.31101.0
MinimumVisualStudioVersion = 10.0.40219.1
Project("{FAE04EC0-301F-11D3-BF4B-00C04F79EFBC}") = "Mailinator.NET", "Mailinator.NET\Mailinator.NET.csproj", "{B5240429-ECC2-4165-B27A-9AA11977ACD6}"
EndProject
Project("{2150E333-8FDC-42A3-9474-1A3956D46DE8}") = ".nuget", ".nuget", "{9AC69BE9-5E59-4E33-9BA5-A33E51E4E3D0}"
	ProjectSection(SolutionItems) = preProject
		.nuget\NuGet.Config = .nuget\NuGet.Config
		.nuget\NuGet.exe = .nuget\NuGet.exe
		.nuget\NuGet.targets = .nuget\NuGet.targets
	EndProjectSection
EndProject
Project("{FAE04EC0-301F-11D3-BF4B-00C04F79EFBC}") = "Tests", "Tests\Tests.csproj", "{981C4D64-556D-4C09-8F95-89C0432E965A}"
EndProject
Global
	GlobalSection(SolutionConfigurationPlatforms) = preSolution
		Debug|Any CPU = Debug|Any CPU
		Release|Any CPU = Release|Any CPU
	EndGlobalSection
	GlobalSection(ProjectConfigurationPlatforms) = postSolution
		{B5240429-ECC2-4165-B27A-9AA11977ACD6}.Debug|Any CPU.ActiveCfg = Debug|Any CPU
		{B5240429-ECC2-4165-B27A-9AA11977ACD6}.Debug|Any CPU.Build.0 = Debug|Any CPU
		{B5240429-ECC2-4165-B27A-9AA11977ACD6}.Release|Any CPU.ActiveCfg = Release|Any CPU
		{B5240429-ECC2-4165-B27A-9AA11977ACD6}.Release|Any CPU.Build.0 = Release|Any CPU
		{981C4D64-556D-4C09-8F95-89C0432E965A}.Debug|Any CPU.ActiveCfg = Debug|Any CPU
		{981C4D64-556D-4C09-8F95-89C0432E965A}.Debug|Any CPU.Build.0 = Debug|Any CPU
		{981C4D64-556D-4C09-8F95-89C0432E965A}.Release|Any CPU.ActiveCfg = Release|Any CPU
		{981C4D64-556D-4C09-8F95-89C0432E965A}.Release|Any CPU.Build.0 = Release|Any CPU
	EndGlobalSection
	GlobalSection(SolutionProperties) = preSolution
		HideSolutionNode = FALSE
	EndGlobalSection
EndGlobal
